{
  "version": 4,
  "terraform_version": "1.5.5",
  "serial": 1,
  "lineage": "7a518bb1-970d-99bd-e8bf-9f891742652f",
  "outputs": {},
  "resources": [
    {
      "mode": "managed",
      "type": "databricks_pipeline",
      "name": "healthcare_dlt_pipeline",
      "provider": "provider[\"registry.terraform.io/databricks/databricks\"]",
      "instances": [
        {
          "schema_version": 0,
          "attributes": {
            "allow_duplicate_names": false,
            "budget_policy_id": null,
            "catalog": "health_care",
            "cause": null,
            "channel": "CURRENT",
            "cluster": [],
            "cluster_id": null,
            "configuration": null,
            "continuous": false,
            "creator_user_name": "harika5991@gmail.com",
            "deployment": [
              {
                "kind": "BUNDLE",
                "metadata_file_path": "/Workspace/Users/harika5991@gmail.com/.bundle/healthcare_dlt_bundle/qa/state/metadata.json"
              }
            ],
            "development": true,
            "edition": "ADVANCED",
            "environment": [],
            "event_log": [],
            "expected_last_modified": 0,
            "filters": [],
            "gateway_definition": [],
            "health": null,
            "id": "914e5ec8-f494-40fe-a69f-ce359d9dfd67",
            "ingestion_definition": [],
            "last_modified": 1781678709321,
            "latest_updates": null,
            "library": [
              {
                "file": [
                  {
                    "path": "/Workspace/Users/harika5991@gmail.com/.bundle/healthcare_dlt_bundle/qa/files/src/bronze.py"
                  }
                ],
                "glob": [],
                "jar": "",
                "maven": [],
                "notebook": [],
                "whl": ""
              },
              {
                "file": [
                  {
                    "path": "/Workspace/Users/harika5991@gmail.com/.bundle/healthcare_dlt_bundle/qa/files/src/silver.py"
                  }
                ],
                "glob": [],
                "jar": "",
                "maven": [],
                "notebook": [],
                "whl": ""
              },
              {
                "file": [
                  {
                    "path": "/Workspace/Users/harika5991@gmail.com/.bundle/healthcare_dlt_bundle/qa/files/src/gold.py"
                  }
                ],
                "glob": [],
                "jar": "",
                "maven": [],
                "notebook": [],
                "whl": ""
              }
            ],
            "name": "[dev harika5991] healthcare_dlt_pipeline_qa",
            "notification": [],
            "photon": false,
            "provider_config": [],
            "restart_window": [],
            "root_path": null,
            "run_as": [],
            "run_as_user_name": "harika5991@gmail.com",
            "schema": "qa_benefits",
            "serverless": true,
            "state": "IDLE",
            "storage": null,
            "tags": {
              "dev": "harika5991"
            },
            "target": null,
            "timeouts": null,
            "trigger": [],
            "url": "https://dbc-c53ff5d1-7189.cloud.databricks.com/#joblist/pipelines/914e5ec8-f494-40fe-a69f-ce359d9dfd67",
            "usage_policy_id": null
          },
          "sensitive_attributes": [],
          "private": "eyJlMmJmYjczMC1lY2FhLTExZTYtOGY4OC0zNDM2M2JjN2M0YzAiOnsiY3JlYXRlIjoxMjAwMDAwMDAwMDAwLCJkZWZhdWx0IjoxMjAwMDAwMDAwMDAwLCJkZWxldGUiOjEyMDAwMDAwMDAwMDAsInJlYWQiOjEyMDAwMDAwMDAwMDAsInVwZGF0ZSI6MTIwMDAwMDAwMDAwMH19"
        }
      ]
    }
  ],
  "check_results": null
}
